Microsoft Visual Studio Solution File, Format Version 12.00
# Visual Studio Version 17
VisualStudioVersion = 17.4.32804.182
MinimumVisualStudioVersion = 16.0.0.0
Project("{9A19103F-16F7-4668-BE54-9A1E7A4F7556}") = "BlazorWasmWithImageSharp", "BlazorWasmWithImageSharp.csproj", "{15B09289-6311-4B67-9DEA-735FC26540BF}"
EndProject
Global
	GlobalSection(SolutionConfigurationPlatforms) = preSolution
		Debug|Any CPU = Debug|Any CPU
		Debug|x64 = Debug|x64
		Debug|x86 = Debug|x86
		Release|Any CPU = Release|Any CPU
		Release|x64 = Release|x64
		Release|x86 = Release|x86
	EndGlobalSection
	GlobalSection(ProjectConfigurationPlatforms) = postSolution
		{15B09289-6311-4B67-9DEA-735FC26540BF}.Debug|Any CPU.ActiveCfg = Debug|Any CPU
		{15B09289-6311-4B67-9DEA-735FC26540BF}.Debug|Any CPU.Build.0 = Debug|Any CPU
		{15B09289-6311-4B67-9DEA-735FC26540BF}.Debug|x64.ActiveCfg = Debug|Any CPU
		{15B09289-6311-4B67-9DEA-735FC26540BF}.Debug|x64.Build.0 = Debug|Any CPU
		{15B09289-6311-4B67-9DEA-735FC26540BF}.Debug|x86.ActiveCfg = Debug|Any CPU
		{15B09289-6311-4B67-9DEA-735FC26540BF}.Debug|x86.Build.0 = Debug|Any CPU
		{15B09289-6311-4B67-9DEA-735FC26540BF}.Release|Any CPU.ActiveCfg = Release|Any CPU
		{15B09289-6311-4B67-9DEA-735FC26540BF}.Release|Any CPU.Build.0 = Release|Any CPU
		{15B09289-6311-4B67-9DEA-735FC26540BF}.Release|x64.ActiveCfg = Release|Any CPU
		{15B09289-6311-4B67-9DEA-735FC26540BF}.Release|x64.Build.0 = Release|Any CPU
		{15B09289-6311-4B67-9DEA-735FC26540BF}.Release|x86.ActiveCfg = Release|Any CPU
		{15B09289-6311-4B67-9DEA-735FC26540BF}.Release|x86.Build.0 = Release|Any CPU
	EndGlobalSection
	GlobalSection(SolutionProperties) = preSolution
		HideSolutionNode = FALSE
	EndGlobalSection
	GlobalSection(ExtensibilityGlobals) = postSolution
		SolutionGuid = {3C09C842-5784-4EC6-A528-15D858E9E227}
	EndGlobalSection
EndGlobal
