Microsoft Visual Studio Solution File, Format Version 12.00
# Visual Studio Version 17
VisualStudioVersion = 17.4.32804.182
MinimumVisualStudioVersion = 16.0.0.0
Project("{9A19103F-16F7-4668-BE54-9A1E7A4F7556}") = "BlazorWasmWithHtmlCanvas", "BlazorWasmWithHtmlCanvas.csproj", "{6615922E-649E-4DDB-8077-818A71A07DD5}"
EndProject
Global
	GlobalSection(SolutionConfigurationPlatforms) = preSolution
		Debug|Any CPU = Debug|Any CPU
		Debug|x64 = Debug|x64
		Debug|x86 = Debug|x86
		Release|Any CPU = Release|Any CPU
		Release|x64 = Release|x64
		Release|x86 = Release|x86
	EndGlobalSection
	GlobalSection(ProjectConfigurationPlatforms) = postSolution
		{6615922E-649E-4DDB-8077-818A71A07DD5}.Debug|Any CPU.ActiveCfg = Debug|Any CPU
		{6615922E-649E-4DDB-8077-818A71A07DD5}.Debug|Any CPU.Build.0 = Debug|Any CPU
		{6615922E-649E-4DDB-8077-818A71A07DD5}.Debug|x64.ActiveCfg = Debug|Any CPU
		{6615922E-649E-4DDB-8077-818A71A07DD5}.Debug|x64.Build.0 = Debug|Any CPU
		{6615922E-649E-4DDB-8077-818A71A07DD5}.Debug|x86.ActiveCfg = Debug|Any CPU
		{6615922E-649E-4DDB-8077-818A71A07DD5}.Debug|x86.Build.0 = Debug|Any CPU
		{6615922E-649E-4DDB-8077-818A71A07DD5}.Release|Any CPU.ActiveCfg = Release|Any CPU
		{6615922E-649E-4DDB-8077-818A71A07DD5}.Release|Any CPU.Build.0 = Release|Any CPU
		{6615922E-649E-4DDB-8077-818A71A07DD5}.Release|x64.ActiveCfg = Release|Any CPU
		{6615922E-649E-4DDB-8077-818A71A07DD5}.Release|x64.Build.0 = Release|Any CPU
		{6615922E-649E-4DDB-8077-818A71A07DD5}.Release|x86.ActiveCfg = Release|Any CPU
		{6615922E-649E-4DDB-8077-818A71A07DD5}.Release|x86.Build.0 = Release|Any CPU
	EndGlobalSection
	GlobalSection(SolutionProperties) = preSolution
		HideSolutionNode = FALSE
	EndGlobalSection
	GlobalSection(ExtensibilityGlobals) = postSolution
		SolutionGuid = {C6F71BD4-BC81-44C7-85C3-9CA4D6F3AAF1}
	EndGlobalSection
EndGlobal
